PODS:
  - Expecta (1.0.0)
  - Flurry-iOS-SDK/FlurrySDK (7.3.0)
  - Google-Mobile-Ads-SDK (7.2.2)
  - GPUImage (0.1.6)
  - Mantle (2.0):
    - Mantle/extobjc (= 2.0)
  - Mantle/extobjc (2.0)
  - OCMock (3.1.2)
  - OHHTTPStubs (4.0.2)
  - SBCategories (0.1.1)
  - Specta (1.0.0)

DEPENDENCIES:
  - Expecta
  - Flurry-iOS-SDK/FlurrySDK
  - Google-Mobile-Ads-SDK (~> 7.0)
  - GPUImage
  - Mantle
  - OCMock
  - OHHTTPStubs
  - SBCategories
  - Specta

SPEC CHECKSUMS:
  Expecta: 32604574add2c46a36f8d2f716b6c5736eb75024
  Flurry-iOS-SDK: 054befae0fa0244fb000985bfe757d70f87a9f60
  Google-Mobile-Ads-SDK: 9561b27b8dd2ef861ee74b4c1ba77104c4c5414a
  GPUImage: 4675ce4a5370ca92fcea8623b2a08b8f0c51b940
  Mantle: d7c75b6fb789b20f7ae30cd0d09435fe545896ff
  OCMock: a10ea9f0a6e921651f96f78b6faee95ebc813b92
  OHHTTPStubs: dbd1957d414659783e07b49c961940b7564c23d9
  SBCategories: a2a126ee06eeacaac02d5e68533cd9de1b9bf1cc
  Specta: 96fe05fe5c7348b5223f85e862904f6e832abb14

COCOAPODS: 0.39.0
