// !$*UTF8*$!
{
	archiveVersion = 1;
	classes = {
	};
	objectVersion = 46;
	objects = {

/* Begin PBXBuildFile section */
		49166CB1161F39BF0033EF9A /* UIKit.framework in Frameworks */ = {isa = PBXBuildFile; fileRef = 49166CB0161F39BF0033EF9A /* UIKit.framework */; };
		49166CB3161F39BF0033EF9A /* Foundation.framework in Frameworks */ = {isa = PBXBuildFile; fileRef = 49166CB2161F39BF0033EF9A /* Foundation.framework */; };
		49166CB5161F39BF0033EF9A /* CoreGraphics.framework in Frameworks */ = {isa = PBXBuildFile; fileRef = 49166CB4161F39BF0033EF9A /* CoreGraphics.framework */; };
		49166CBB161F39C00033EF9A /* InfoPlist.strings in Resources */ = {isa = PBXBuildFile; fileRef = 49166CB9161F39BF0033EF9A /* InfoPlist.strings */; };
		49166CBD161F39C00033EF9A /* main.m in Sources */ = {isa = PBXBuildFile; fileRef = 49166CBC161F39C00033EF9A /* main.m */; };
		49166CC1161F39C00033EF9A /* AppDelegate.m in Sources */ = {isa = PBXBuildFile; fileRef = 49166CC0161F39C00033EF9A /* AppDelegate.m */; };
		49166CC3161F39C00033EF9A /* Default.png in Resources */ = {isa = PBXBuildFile; fileRef = 49166CC2161F39C00033EF9A /* Default.png */; };
		49166CC5161F39C00033EF9A /* Default@2x.png in Resources */ = {isa = PBXBuildFile; fileRef = 49166CC4161F39C00033EF9A /* Default@2x.png */; };
		49166CC7161F39C00033EF9A /* Default-568h@2x.png in Resources */ = {isa = PBXBuildFile; fileRef = 49166CC6161F39C00033EF9A /* Default-568h@2x.png */; };
		491C313F20A1E9BE00657A83 /* MBTAShape.m in Sources */ = {isa = PBXBuildFile; fileRef = 491C313E20A1E9BE00657A83 /* MBTAShape.m */; };
		491D21471B1695D800472867 /* NagController.m in Sources */ = {isa = PBXBuildFile; fileRef = 491D21461B1695D800472867 /* NagController.m */; };
		4948F46E2092E50B00B716B4 /* Media.xcassets in Resources */ = {isa = PBXBuildFile; fileRef = 4948F46D2092E50B00B716B4 /* Media.xcassets */; };
		494A51171AF8544F00C25B97 /* Security.framework in Frameworks */ = {isa = PBXBuildFile; fileRef = 494A51121AF8544F00C25B97 /* Security.framework */; };
		494A51181AF8544F00C25B97 /* libc++.dylib in Frameworks */ = {isa = PBXBuildFile; fileRef = 494A51131AF8544F00C25B97 /* libc++.dylib */; };
		494A51191AF8544F00C25B97 /* libz.dylib in Frameworks */ = {isa = PBXBuildFile; fileRef = 494A51141AF8544F00C25B97 /* libz.dylib */; };
		494A511A1AF8544F00C25B97 /* Fabric.framework in Frameworks */ = {isa = PBXBuildFile; fileRef = 494A51151AF8544F00C25B97 /* Fabric.framework */; };
		494A511B1AF8544F00C25B97 /* Crashlytics.framework in Frameworks */ = {isa = PBXBuildFile; fileRef = 494A51161AF8544F00C25B97 /* Crashlytics.framework */; };
		494A51311AF8550600C25B97 /* QuartzCore.framework in Frameworks */ = {isa = PBXBuildFile; fileRef = 494A51241AF8550600C25B97 /* QuartzCore.framework */; };
		49599C67208E223D004C332D /* MBTAEstimate.m in Sources */ = {isa = PBXBuildFile; fileRef = 49599C66208E223D004C332D /* MBTAEstimate.m */; };
		49599C6A208E224B004C332D /* MBTAModel.m in Sources */ = {isa = PBXBuildFile; fileRef = 49599C69208E224B004C332D /* MBTAModel.m */; };
		49599C6D208E2261004C332D /* MBTASchedule.m in Sources */ = {isa = PBXBuildFile; fileRef = 49599C6C208E2261004C332D /* MBTASchedule.m */; };
		49599C70208E4A89004C332D /* StopCall.m in Sources */ = {isa = PBXBuildFile; fileRef = 49599C6F208E4A89004C332D /* StopCall.m */; };
		49599C73208F67D3004C332D /* PredictionsByStopCall.m in Sources */ = {isa = PBXBuildFile; fileRef = 49599C72208F67D3004C332D /* PredictionsByStopCall.m */; };
		49599C76208F680E004C332D /* SchedulesByStopCall.m in Sources */ = {isa = PBXBuildFile; fileRef = 49599C75208F680E004C332D /* SchedulesByStopCall.m */; };
		496968261651DAE800F1B8FC /* AdNavController.m in Sources */ = {isa = PBXBuildFile; fileRef = 496968251651DAE800F1B8FC /* AdNavController.m */; };
		4998BCC7177F8FBD00D02A0A /* subway.png in Resources */ = {isa = PBXBuildFile; fileRef = 4998BCC6177F8FBD00D02A0A /* subway.png */; };
		49AE5A0B1B0008A600F17C6F /* SchedulesViewController.m in Sources */ = {isa = PBXBuildFile; fileRef = 49AE5A091B0008A600F17C6F /* SchedulesViewController.m */; };
		49AE5A0C1B0008A600F17C6F /* SchedulesViewController.xib in Resources */ = {isa = PBXBuildFile; fileRef = 49AE5A0A1B0008A600F17C6F /* SchedulesViewController.xib */; };
		49AE5A101B000D1D00F17C6F /* LineViewController.m in Sources */ = {isa = PBXBuildFile; fileRef = 49AE5A0E1B000D1D00F17C6F /* LineViewController.m */; };
		49AE5A111B000D1D00F17C6F /* LineViewController.xib in Resources */ = {isa = PBXBuildFile; fileRef = 49AE5A0F1B000D1D00F17C6F /* LineViewController.xib */; };
		49AE5A141B00372100F17C6F /* RouteCall.m in Sources */ = {isa = PBXBuildFile; fileRef = 49AE5A131B00372100F17C6F /* RouteCall.m */; };
		49AE5A171B003A2F00F17C6F /* PredictionsByRouteCall.m in Sources */ = {isa = PBXBuildFile; fileRef = 49AE5A161B003A2F00F17C6F /* PredictionsByRouteCall.m */; };
		49AE5A1A1B003AC700F17C6F /* StopsByRouteCall.m in Sources */ = {isa = PBXBuildFile; fileRef = 49AE5A191B003AC700F17C6F /* StopsByRouteCall.m */; };
		49AE5A1D1B003ADB00F17C6F /* SchedulesByRouteCall.m in Sources */ = {isa = PBXBuildFile; fileRef = 49AE5A1C1B003ADB00F17C6F /* SchedulesByRouteCall.m */; };
		49AE5A201B003FA100F17C6F /* MBTARoute.m in Sources */ = {isa = PBXBuildFile; fileRef = 49AE5A1F1B003FA100F17C6F /* MBTARoute.m */; };
		49AE5A2A1B00421B00F17C6F /* MBTATrip.m in Sources */ = {isa = PBXBuildFile; fileRef = 49AE5A291B00421B00F17C6F /* MBTATrip.m */; };
		49AE5A2D1B00422A00F17C6F /* MBTAStop.m in Sources */ = {isa = PBXBuildFile; fileRef = 49AE5A2C1B00422A00F17C6F /* MBTAStop.m */; };
		49AE5A321B01689200F17C6F /* MBTAPrediction.m in Sources */ = {isa = PBXBuildFile; fileRef = 49AE5A311B01689200F17C6F /* MBTAPrediction.m */; };
		49BC5C4B1652FF6F00CD828B /* bticon-57.png in Resources */ = {isa = PBXBuildFile; fileRef = 49BC5C481652FF6F00CD828B /* bticon-57.png */; };
		49BC5C4C1652FF6F00CD828B /* bticon-72.png in Resources */ = {isa = PBXBuildFile; fileRef = 49BC5C491652FF6F00CD828B /* bticon-72.png */; };
		49BC5C4D1652FF6F00CD828B /* bticon-114.png in Resources */ = {isa = PBXBuildFile; fileRef = 49BC5C4A1652FF6F00CD828B /* bticon-114.png */; };
		49C1B7711B0EEAAB00F109C3 /* StationTableViewCell.m in Sources */ = {isa = PBXBuildFile; fileRef = 49C1B76F1B0EEAAB00F109C3 /* StationTableViewCell.m */; };
		49C1B7721B0EEAAB00F109C3 /* StationTableViewCell.xib in Resources */ = {isa = PBXBuildFile; fileRef = 49C1B7701B0EEAAB00F109C3 /* StationTableViewCell.xib */; };
		49C1B7751B0EEDCA00F109C3 /* RouteTimesView.m in Sources */ = {isa = PBXBuildFile; fileRef = 49C1B7741B0EEDCA00F109C3 /* RouteTimesView.m */; };
		49C6C4891AF8637300C9A0D7 /* bticon-120.png in Resources */ = {isa = PBXBuildFile; fileRef = 49C6C4881AF8637300C9A0D7 /* bticon-120.png */; };
		49C7D9A51B14F4FB00B76BF0 /* SchedulesByRouteCallSpec.m in Sources */ = {isa = PBXBuildFile; fileRef = 49C7D9A41B14F4FB00B76BF0 /* SchedulesByRouteCallSpec.m */; };
		49C7D9A71B14F7B700B76BF0 /* SchedulesByRouteCall.m in Sources */ = {isa = PBXBuildFile; fileRef = 49AE5A1C1B003ADB00F17C6F /* SchedulesByRouteCall.m */; };
		49C7D9A81B14F7C600B76BF0 /* StopsByRouteCall.m in Sources */ = {isa = PBXBuildFile; fileRef = 49AE5A191B003AC700F17C6F /* StopsByRouteCall.m */; };
		49C7D9A91B14F7C900B76BF0 /* PredictionsByRouteCall.m in Sources */ = {isa = PBXBuildFile; fileRef = 49AE5A161B003A2F00F17C6F /* PredictionsByRouteCall.m */; };
		49C7D9AA1B14F7CC00B76BF0 /* RouteCall.m in Sources */ = {isa = PBXBuildFile; fileRef = 49AE5A131B00372100F17C6F /* RouteCall.m */; };
		49C7D9AB1B14F7CE00B76BF0 /* BaseNetworkCall.m in Sources */ = {isa = PBXBuildFile; fileRef = 49E855FE1AFFB63100E79527 /* BaseNetworkCall.m */; };
		49C7D9BF1B14FD5B00B76BF0 /* LineSpec.m in Sources */ = {isa = PBXBuildFile; fileRef = 49C7D9BE1B14FD5B00B76BF0 /* LineSpec.m */; };
		49C7D9C31B14FF1100B76BF0 /* DummyLineDelegate.m in Sources */ = {isa = PBXBuildFile; fileRef = 49C7D9C21B14FF1100B76BF0 /* DummyLineDelegate.m */; };
		49C7D9C51B150EC600B76BF0 /* libobjc.A.dylib in Frameworks */ = {isa = PBXBuildFile; fileRef = 49C7D9C41B150EC600B76BF0 /* libobjc.A.dylib */; };
		49E855FF1AFFB63100E79527 /* BaseNetworkCall.m in Sources */ = {isa = PBXBuildFile; fileRef = 49E855FE1AFFB63100E79527 /* BaseNetworkCall.m */; };
		49E856021AFFC83C00E79527 /* Line.m in Sources */ = {isa = PBXBuildFile; fileRef = 49E856011AFFC83C00E79527 /* Line.m */; };
		49E856051AFFC8C000E79527 /* Prediction.m in Sources */ = {isa = PBXBuildFile; fileRef = 49E856041AFFC8C000E79527 /* Prediction.m */; };
		49E856081AFFC8D000E79527 /* Station.m in Sources */ = {isa = PBXBuildFile; fileRef = 49E856071AFFC8D000E79527 /* Station.m */; };
		49E8560B1AFFC8DF00E79527 /* Route.m in Sources */ = {isa = PBXBuildFile; fileRef = 49E8560A1AFFC8DF00E79527 /* Route.m */; };
		49E856111B00003700E79527 /* MapViewController.m in Sources */ = {isa = PBXBuildFile; fileRef = 49E8560F1B00003700E79527 /* MapViewController.m */; };
		49E856121B00003700E79527 /* MapViewController.xib in Resources */ = {isa = PBXBuildFile; fileRef = 49E856101B00003700E79527 /* MapViewController.xib */; };
		49EAE89D1B1227240055A985 /* RoutesTimesView.xib in Resources */ = {isa = PBXBuildFile; fileRef = 49EAE89C1B1227240055A985 /* RoutesTimesView.xib */; };
		49EAE8A01B125E700055A985 /* RoutesTimesView.m in Sources */ = {isa = PBXBuildFile; fileRef = 49EAE89F1B125E700055A985 /* RoutesTimesView.m */; };
		49EAE8A21B125E8B0055A985 /* RouteTimesView.xib in Resources */ = {isa = PBXBuildFile; fileRef = 49EAE8A11B125E8B0055A985 /* RouteTimesView.xib */; };
		49EAE8A51B13C02B0055A985 /* UIImage+Colorize.m in Sources */ = {isa = PBXBuildFile; fileRef = 49EAE8A41B13C02B0055A985 /* UIImage+Colorize.m */; };
		49EAE8AA1B13C0CA0055A985 /* arrow_down_white.png in Resources */ = {isa = PBXBuildFile; fileRef = 49EAE8A61B13C0CA0055A985 /* arrow_down_white.png */; };
		49EAE8AB1B13C0CA0055A985 /* arrow_left_white.png in Resources */ = {isa = PBXBuildFile; fileRef = 49EAE8A71B13C0CA0055A985 /* arrow_left_white.png */; };
		49EAE8AC1B13C0CA0055A985 /* arrow_right_white.png in Resources */ = {isa = PBXBuildFile; fileRef = 49EAE8A81B13C0CA0055A985 /* arrow_right_white.png */; };
		49EAE8AD1B13C0CA0055A985 /* arrow_up_white.png in Resources */ = {isa = PBXBuildFile; fileRef = 49EAE8A91B13C0CA0055A985 /* arrow_up_white.png */; };
		49EAE8B21B13C5DC0055A985 /* arrow_down.png in Resources */ = {isa = PBXBuildFile; fileRef = 49EAE8AE1B13C5DC0055A985 /* arrow_down.png */; };
		49EAE8B31B13C5DC0055A985 /* arrow_left.png in Resources */ = {isa = PBXBuildFile; fileRef = 49EAE8AF1B13C5DC0055A985 /* arrow_left.png */; };
		49EAE8B41B13C5DC0055A985 /* arrow_right.png in Resources */ = {isa = PBXBuildFile; fileRef = 49EAE8B01B13C5DC0055A985 /* arrow_right.png */; };
		49EAE8B51B13C5DC0055A985 /* arrow_up.png in Resources */ = {isa = PBXBuildFile; fileRef = 49EAE8B11B13C5DC0055A985 /* arrow_up.png */; };
		89623DA0E93C1FE8141FD3A1 /* libPods-BostonTMapTests.a in Frameworks */ = {isa = PBXBuildFile; fileRef = 8CE9285C0086078CF8F091B6 /* libPods-BostonTMapTests.a */; };
		D990121F318194CE89F258F7 /* libPods-BostonTMap.a in Frameworks */ = {isa = PBXBuildFile; fileRef = D33793A377FF01F65666337F /* libPods-BostonTMap.a */; };
/* End PBXBuildFile section */

/* Begin PBXContainerItemProxy section */
		49AE5A3D1B016AC900F17C6F /* PBXContainerItemProxy */ = {
			isa = PBXContainerItemProxy;
			containerPortal = 49166CA3161F39BF0033EF9A /* Project object */;
			proxyType = 1;
			remoteGlobalIDString = 49166CAB161F39BF0033EF9A;
			remoteInfo = BostonTMap;
		};
/* End PBXContainerItemProxy section */

/* Begin PBXFileReference section */
		1D158B15E31E337E848B9914 /* Pods-BostonTMap.release.xcconfig */ = {isa = PBXFileReference; includeInIndex = 1; lastKnownFileType = text.xcconfig; name = "Pods-BostonTMap.release.xcconfig"; path = "Pods/Target Support Files/Pods-BostonTMap/Pods-BostonTMap.release.xcconfig"; sourceTree = "<group>"; };
		49166CAC161F39BF0033EF9A /* BostonTMap.app */ = {isa = PBXFileReference; explicitFileType = wrapper.application; includeInIndex = 0; path = BostonTMap.app; sourceTree = BUILT_PRODUCTS_DIR; };
		49166CB0161F39BF0033EF9A /* UIKit.framework */ = {isa = PBXFileReference; lastKnownFileType = wrapper.framework; name = UIKit.framework; path = System/Library/Frameworks/UIKit.framework; sourceTree = SDKROOT; };
		49166CB2161F39BF0033EF9A /* Foundation.framework */ = {isa = PBXFileReference; lastKnownFileType = wrapper.framework; name = Foundation.framework; path = System/Library/Frameworks/Foundation.framework; sourceTree = SDKROOT; };
		49166CB4161F39BF0033EF9A /* CoreGraphics.framework */ = {isa = PBXFileReference; lastKnownFileType = wrapper.framework; name = CoreGraphics.framework; path = System/Library/Frameworks/CoreGraphics.framework; sourceTree = SDKROOT; };
		49166CB8161F39BF0033EF9A /* BostonTMap-Info.plist */ = {isa = PBXFileReference; lastKnownFileType = text.plist.xml; path = "BostonTMap-Info.plist"; sourceTree = "<group>"; };
		49166CBA161F39BF0033EF9A /* en */ = {isa = PBXFileReference; lastKnownFileType = text.plist.strings; name = en; path = en.lproj/InfoPlist.strings; sourceTree = "<group>"; };
		49166CBC161F39C00033EF9A /* main.m */ = {isa = PBXFileReference; lastKnownFileType = sourcecode.c.objc; path = main.m; sourceTree = "<group>"; };
		49166CBE161F39C00033EF9A /* BostonTMap-Prefix.pch */ = {isa = PBXFileReference; lastKnownFileType = sourcecode.c.h; path = "BostonTMap-Prefix.pch"; sourceTree = "<group>"; };
		49166CBF161F39C00033EF9A /* AppDelegate.h */ = {isa = PBXFileReference; lastKnownFileType = sourcecode.c.h; path = AppDelegate.h; sourceTree = "<group>"; };
		49166CC0161F39C00033EF9A /* AppDelegate.m */ = {isa = PBXFileReference; lastKnownFileType = sourcecode.c.objc; path = AppDelegate.m; sourceTree = "<group>"; };
		49166CC2161F39C00033EF9A /* Default.png */ = {isa = PBXFileReference; lastKnownFileType = image.png; path = Default.png; sourceTree = "<group>"; };
		49166CC4161F39C00033EF9A /* Default@2x.png */ = {isa = PBXFileReference; lastKnownFileType = image.png; path = "Default@2x.png"; sourceTree = "<group>"; };
		49166CC6161F39C00033EF9A /* Default-568h@2x.png */ = {isa = PBXFileReference; lastKnownFileType = image.png; path = "Default-568h@2x.png"; sourceTree = "<group>"; };
		491C313D20A1E9BE00657A83 /* MBTAShape.h */ = {isa = PBXFileReference; lastKnownFileType = sourcecode.c.h; path = MBTAShape.h; sourceTree = "<group>"; };
		491C313E20A1E9BE00657A83 /* MBTAShape.m */ = {isa = PBXFileReference; lastKnownFileType = sourcecode.c.objc; path = MBTAShape.m; sourceTree = "<group>"; };
		491D21451B1695D800472867 /* NagController.h */ = {isa = PBXFileReference; fileEncoding = 4; lastKnownFileType = sourcecode.c.h; path = NagController.h; sourceTree = "<group>"; };
		491D21461B1695D800472867 /* NagController.m */ = {isa = PBXFileReference; fileEncoding = 4; lastKnownFileType = sourcecode.c.objc; path = NagController.m; sourceTree = "<group>"; };
		4948F46D2092E50B00B716B4 /* Media.xcassets */ = {isa = PBXFileReference; lastKnownFileType = folder.assetcatalog; path = Media.xcassets; sourceTree = "<group>"; };
		494A51121AF8544F00C25B97 /* Security.framework */ = {isa = PBXFileReference; lastKnownFileType = wrapper.framework; name = Security.framework; path = System/Library/Frameworks/Security.framework; sourceTree = SDKROOT; };
		494A51131AF8544F00C25B97 /* libc++.dylib */ = {isa = PBXFileReference; lastKnownFileType = "compiled.mach-o.dylib"; name = "libc++.dylib"; path = "usr/lib/libc++.dylib"; sourceTree = SDKROOT; };
		494A51141AF8544F00C25B97 /* libz.dylib */ = {isa = PBXFileReference; lastKnownFileType = "compiled.mach-o.dylib"; name = libz.dylib; path = usr/lib/libz.dylib; sourceTree = SDKROOT; };
		494A51151AF8544F00C25B97 /* Fabric.framework */ = {isa = PBXFileReference; lastKnownFileType = wrapper.framework; path = Fabric.framework; sourceTree = "<group>"; };
		494A51161AF8544F00C25B97 /* Crashlytics.framework */ = {isa = PBXFileReference; lastKnownFileType = wrapper.framework; path = Crashlytics.framework; sourceTree = "<group>"; };
		494A51241AF8550600C25B97 /* QuartzCore.framework */ = {isa = PBXFileReference; lastKnownFileType = wrapper.framework; name = QuartzCore.framework; path = System/Library/Frameworks/QuartzCore.framework; sourceTree = SDKROOT; };
		494A51261AF8550600C25B97 /* StoreKit.framework */ = {isa = PBXFileReference; lastKnownFileType = wrapper.framework; name = StoreKit.framework; path = System/Library/Frameworks/StoreKit.framework; sourceTree = SDKROOT; };
		49599C65208E223D004C332D /* MBTAEstimate.h */ = {isa = PBXFileReference; lastKnownFileType = sourcecode.c.h; path = MBTAEstimate.h; sourceTree = "<group>"; };
		49599C66208E223D004C332D /* MBTAEstimate.m */ = {isa = PBXFileReference; lastKnownFileType = sourcecode.c.objc; path = MBTAEstimate.m; sourceTree = "<group>"; };
		49599C68208E224B004C332D /* MBTAModel.h */ = {isa = PBXFileReference; lastKnownFileType = sourcecode.c.h; path = MBTAModel.h; sourceTree = "<group>"; };
		49599C69208E224B004C332D /* MBTAModel.m */ = {isa = PBXFileReference; lastKnownFileType = sourcecode.c.objc; path = MBTAModel.m; sourceTree = "<group>"; };
		49599C6B208E2261004C332D /* MBTASchedule.h */ = {isa = PBXFileReference; lastKnownFileType = sourcecode.c.h; path = MBTASchedule.h; sourceTree = "<group>"; };
		49599C6C208E2261004C332D /* MBTASchedule.m */ = {isa = PBXFileReference; lastKnownFileType = sourcecode.c.objc; path = MBTASchedule.m; sourceTree = "<group>"; };
		49599C6E208E4A89004C332D /* StopCall.h */ = {isa = PBXFileReference; lastKnownFileType = sourcecode.c.h; path = StopCall.h; sourceTree = "<group>"; };
		49599C6F208E4A89004C332D /* StopCall.m */ = {isa = PBXFileReference; lastKnownFileType = sourcecode.c.objc; path = StopCall.m; sourceTree = "<group>"; };
		49599C71208F67D3004C332D /* PredictionsByStopCall.h */ = {isa = PBXFileReference; lastKnownFileType = sourcecode.c.h; path = PredictionsByStopCall.h; sourceTree = "<group>"; };
		49599C72208F67D3004C332D /* PredictionsByStopCall.m */ = {isa = PBXFileReference; lastKnownFileType = sourcecode.c.objc; path = PredictionsByStopCall.m; sourceTree = "<group>"; };
		49599C74208F680E004C332D /* SchedulesByStopCall.h */ = {isa = PBXFileReference; lastKnownFileType = sourcecode.c.h; path = SchedulesByStopCall.h; sourceTree = "<group>"; };
		49599C75208F680E004C332D /* SchedulesByStopCall.m */ = {isa = PBXFileReference; lastKnownFileType = sourcecode.c.objc; path = SchedulesByStopCall.m; sourceTree = "<group>"; };
		496968241651DAE800F1B8FC /* AdNavController.h */ = {isa = PBXFileReference; fileEncoding = 4; lastKnownFileType = sourcecode.c.h; path = AdNavController.h; sourceTree = "<group>"; };
		496968251651DAE800F1B8FC /* AdNavController.m */ = {isa = PBXFileReference; fileEncoding = 4; lastKnownFileType = sourcecode.c.objc; path = AdNavController.m; sourceTree = "<group>"; };
		4998BCC6177F8FBD00D02A0A /* subway.png */ = {isa = PBXFileReference; lastKnownFileType = image.png; name = subway.png; path = BostonTMap/subway.png; sourceTree = "<group>"; };
		49AE5A081B0008A600F17C6F /* SchedulesViewController.h */ = {isa = PBXFileReference; fileEncoding = 4; lastKnownFileType = sourcecode.c.h; path = SchedulesViewController.h; sourceTree = "<group>"; };
		49AE5A091B0008A600F17C6F /* SchedulesViewController.m */ = {isa = PBXFileReference; fileEncoding = 4; lastKnownFileType = sourcecode.c.objc; path = SchedulesViewController.m; sourceTree = "<group>"; };
		49AE5A0A1B0008A600F17C6F /* SchedulesViewController.xib */ = {isa = PBXFileReference; fileEncoding = 4; lastKnownFileType = file.xib; path = SchedulesViewController.xib; sourceTree = "<group>"; };
		49AE5A0D1B000D1D00F17C6F /* LineViewController.h */ = {isa = PBXFileReference; fileEncoding = 4; lastKnownFileType = sourcecode.c.h; path = LineViewController.h; sourceTree = "<group>"; };
		49AE5A0E1B000D1D00F17C6F /* LineViewController.m */ = {isa = PBXFileReference; fileEncoding = 4; lastKnownFileType = sourcecode.c.objc; path = LineViewController.m; sourceTree = "<group>"; };
		49AE5A0F1B000D1D00F17C6F /* LineViewController.xib */ = {isa = PBXFileReference; fileEncoding = 4; lastKnownFileType = file.xib; path = LineViewController.xib; sourceTree = "<group>"; };
		49AE5A121B00372100F17C6F /* RouteCall.h */ = {isa = PBXFileReference; fileEncoding = 4; lastKnownFileType = sourcecode.c.h; path = RouteCall.h; sourceTree = "<group>"; };
		49AE5A131B00372100F17C6F /* RouteCall.m */ = {isa = PBXFileReference; fileEncoding = 4; lastKnownFileType = sourcecode.c.objc; path = RouteCall.m; sourceTree = "<group>"; };
		49AE5A151B003A2F00F17C6F /* PredictionsByRouteCall.h */ = {isa = PBXFileReference; fileEncoding = 4; lastKnownFileType = sourcecode.c.h; path = PredictionsByRouteCall.h; sourceTree = "<group>"; };
		49AE5A161B003A2F00F17C6F /* PredictionsByRouteCall.m */ = {isa = PBXFileReference; fileEncoding = 4; lastKnownFileType = sourcecode.c.objc; path = PredictionsByRouteCall.m; sourceTree = "<group>"; };
		49AE5A181B003AC700F17C6F /* StopsByRouteCall.h */ = {isa = PBXFileReference; fileEncoding = 4; lastKnownFileType = sourcecode.c.h; path = StopsByRouteCall.h; sourceTree = "<group>"; };
		49AE5A191B003AC700F17C6F /* StopsByRouteCall.m */ = {isa = PBXFileReference; fileEncoding = 4; lastKnownFileType = sourcecode.c.objc; path = StopsByRouteCall.m; sourceTree = "<group>"; };
		49AE5A1B1B003ADB00F17C6F /* SchedulesByRouteCall.h */ = {isa = PBXFileReference; fileEncoding = 4; lastKnownFileType = sourcecode.c.h; path = SchedulesByRouteCall.h; sourceTree = "<group>"; };
		49AE5A1C1B003ADB00F17C6F /* SchedulesByRouteCall.m */ = {isa = PBXFileReference; fileEncoding = 4; lastKnownFileType = sourcecode.c.objc; path = SchedulesByRouteCall.m; sourceTree = "<group>"; };
		49AE5A1E1B003FA100F17C6F /* MBTARoute.h */ = {isa = PBXFileReference; fileEncoding = 4; lastKnownFileType = sourcecode.c.h; path = MBTARoute.h; sourceTree = "<group>"; };
		49AE5A1F1B003FA100F17C6F /* MBTARoute.m */ = {isa = PBXFileReference; fileEncoding = 4; lastKnownFileType = sourcecode.c.objc; path = MBTARoute.m; sourceTree = "<group>"; };
		49AE5A281B00421B00F17C6F /* MBTATrip.h */ = {isa = PBXFileReference; fileEncoding = 4; lastKnownFileType = sourcecode.c.h; path = MBTATrip.h; sourceTree = "<group>"; };
		49AE5A291B00421B00F17C6F /* MBTATrip.m */ = {isa = PBXFileReference; fileEncoding = 4; lastKnownFileType = sourcecode.c.objc; path = MBTATrip.m; sourceTree = "<group>"; };
		49AE5A2B1B00422A00F17C6F /* MBTAStop.h */ = {isa = PBXFileReference; fileEncoding = 4; lastKnownFileType = sourcecode.c.h; path = MBTAStop.h; sourceTree = "<group>"; };
		49AE5A2C1B00422A00F17C6F /* MBTAStop.m */ = {isa = PBXFileReference; fileEncoding = 4; lastKnownFileType = sourcecode.c.objc; path = MBTAStop.m; sourceTree = "<group>"; };
		49AE5A301B01689200F17C6F /* MBTAPrediction.h */ = {isa = PBXFileReference; fileEncoding = 4; lastKnownFileType = sourcecode.c.h; path = MBTAPrediction.h; sourceTree = "<group>"; };
		49AE5A311B01689200F17C6F /* MBTAPrediction.m */ = {isa = PBXFileReference; fileEncoding = 4; lastKnownFileType = sourcecode.c.objc; path = MBTAPrediction.m; sourceTree = "<group>"; };
		49AE5A371B016AC900F17C6F /* BostonTMapTests.xctest */ = {isa = PBXFileReference; explicitFileType = wrapper.cfbundle; includeInIndex = 0; path = BostonTMapTests.xctest; sourceTree = BUILT_PRODUCTS_DIR; };
		49AE5A3A1B016AC900F17C6F /* Info.plist */ = {isa = PBXFileReference; lastKnownFileType = text.plist.xml; path = Info.plist; sourceTree = "<group>"; };
		49BC5C481652FF6F00CD828B /* bticon-57.png */ = {isa = PBXFileReference; lastKnownFileType = image.png; path = "bticon-57.png"; sourceTree = "<group>"; };
		49BC5C491652FF6F00CD828B /* bticon-72.png */ = {isa = PBXFileReference; lastKnownFileType = image.png; path = "bticon-72.png"; sourceTree = "<group>"; };
		49BC5C4A1652FF6F00CD828B /* bticon-114.png */ = {isa = PBXFileReference; lastKnownFileType = image.png; path = "bticon-114.png"; sourceTree = "<group>"; };
		49C1B76E1B0EEAAB00F109C3 /* StationTableViewCell.h */ = {isa = PBXFileReference; fileEncoding = 4; lastKnownFileType = sourcecode.c.h; path = StationTableViewCell.h; sourceTree = "<group>"; };
		49C1B76F1B0EEAAB00F109C3 /* StationTableViewCell.m */ = {isa = PBXFileReference; fileEncoding = 4; lastKnownFileType = sourcecode.c.objc; path = StationTableViewCell.m; sourceTree = "<group>"; };
		49C1B7701B0EEAAB00F109C3 /* StationTableViewCell.xib */ = {isa = PBXFileReference; fileEncoding = 4; lastKnownFileType = file.xib; path = StationTableViewCell.xib; sourceTree = "<group>"; };
		49C1B7731B0EEDCA00F109C3 /* RouteTimesView.h */ = {isa = PBXFileReference; fileEncoding = 4; lastKnownFileType = sourcecode.c.h; path = RouteTimesView.h; sourceTree = "<group>"; };
		49C1B7741B0EEDCA00F109C3 /* RouteTimesView.m */ = {isa = PBXFileReference; fileEncoding = 4; lastKnownFileType = sourcecode.c.objc; path = RouteTimesView.m; sourceTree = "<group>"; };
		49C6C4881AF8637300C9A0D7 /* bticon-120.png */ = {isa = PBXFileReference; lastKnownFileType = image.png; path = "bticon-120.png"; sourceTree = "<group>"; };
		49C7D9A41B14F4FB00B76BF0 /* SchedulesByRouteCallSpec.m */ = {isa = PBXFileReference; fileEncoding = 4; lastKnownFileType = sourcecode.c.objc; path = SchedulesByRouteCallSpec.m; sourceTree = "<group>"; };
		49C7D9BE1B14FD5B00B76BF0 /* LineSpec.m */ = {isa = PBXFileReference; fileEncoding = 4; lastKnownFileType = sourcecode.c.objc; path = LineSpec.m; sourceTree = "<group>"; };
		49C7D9C11B14FF1100B76BF0 /* DummyLineDelegate.h */ = {isa = PBXFileReference; fileEncoding = 4; lastKnownFileType = sourcecode.c.h; path = DummyLineDelegate.h; sourceTree = "<group>"; };
		49C7D9C21B14FF1100B76BF0 /* DummyLineDelegate.m */ = {isa = PBXFileReference; fileEncoding = 4; lastKnownFileType = sourcecode.c.objc; path = DummyLineDelegate.m; sourceTree = "<group>"; };
		49C7D9C41B150EC600B76BF0 /* libobjc.A.dylib */ = {isa = PBXFileReference; lastKnownFileType = "compiled.mach-o.dylib"; name = libobjc.A.dylib; path = usr/lib/libobjc.A.dylib; sourceTree = SDKROOT; };
		49E855FD1AFFB63100E79527 /* BaseNetworkCall.h */ = {isa = PBXFileReference; fileEncoding = 4; lastKnownFileType = sourcecode.c.h; path = BaseNetworkCall.h; sourceTree = "<group>"; };
		49E855FE1AFFB63100E79527 /* BaseNetworkCall.m */ = {isa = PBXFileReference; fileEncoding = 4; lastKnownFileType = sourcecode.c.objc; path = BaseNetworkCall.m; sourceTree = "<group>"; };
		49E856001AFFC83C00E79527 /* Line.h */ = {isa = PBXFileReference; fileEncoding = 4; lastKnownFileType = sourcecode.c.h; path = Line.h; sourceTree = "<group>"; };
		49E856011AFFC83C00E79527 /* Line.m */ = {isa = PBXFileReference; fileEncoding = 4; lastKnownFileType = sourcecode.c.objc; path = Line.m; sourceTree = "<group>"; };
		49E856031AFFC8C000E79527 /* Prediction.h */ = {isa = PBXFileReference; fileEncoding = 4; lastKnownFileType = sourcecode.c.h; path = Prediction.h; sourceTree = "<group>"; };
		49E856041AFFC8C000E79527 /* Prediction.m */ = {isa = PBXFileReference; fileEncoding = 4; lastKnownFileType = sourcecode.c.objc; path = Prediction.m; sourceTree = "<group>"; };
		49E856061AFFC8D000E79527 /* Station.h */ = {isa = PBXFileReference; fileEncoding = 4; lastKnownFileType = sourcecode.c.h; path = Station.h; sourceTree = "<group>"; };
		49E856071AFFC8D000E79527 /* Station.m */ = {isa = PBXFileReference; fileEncoding = 4; lastKnownFileType = sourcecode.c.objc; path = Station.m; sourceTree = "<group>"; };
		49E856091AFFC8DF00E79527 /* Route.h */ = {isa = PBXFileReference; fileEncoding = 4; lastKnownFileType = sourcecode.c.h; path = Route.h; sourceTree = "<group>"; };
		49E8560A1AFFC8DF00E79527 /* Route.m */ = {isa = PBXFileReference; fileEncoding = 4; lastKnownFileType = sourcecode.c.objc; path = Route.m; sourceTree = "<group>"; };
		49E8560E1B00003700E79527 /* MapViewController.h */ = {isa = PBXFileReference; fileEncoding = 4; lastKnownFileType = sourcecode.c.h; path = MapViewController.h; sourceTree = "<group>"; };
		49E8560F1B00003700E79527 /* MapViewController.m */ = {isa = PBXFileReference; fileEncoding = 4; lastKnownFileType = sourcecode.c.objc; path = MapViewController.m; sourceTree = "<group>"; };
		49E856101B00003700E79527 /* MapViewController.xib */ = {isa = PBXFileReference; fileEncoding = 4; lastKnownFileType = file.xib; path = MapViewController.xib; sourceTree = "<group>"; };
		49EAE89C1B1227240055A985 /* RoutesTimesView.xib */ = {isa = PBXFileReference; fileEncoding = 4; lastKnownFileType = file.xib; path = RoutesTimesView.xib; sourceTree = "<group>"; };
		49EAE89E1B125E700055A985 /* RoutesTimesView.h */ = {isa = PBXFileReference; fileEncoding = 4; lastKnownFileType = sourcecode.c.h; path = RoutesTimesView.h; sourceTree = "<group>"; };
		49EAE89F1B125E700055A985 /* RoutesTimesView.m */ = {isa = PBXFileReference; fileEncoding = 4; lastKnownFileType = sourcecode.c.objc; path = RoutesTimesView.m; sourceTree = "<group>"; };
		49EAE8A11B125E8B0055A985 /* RouteTimesView.xib */ = {isa = PBXFileReference; fileEncoding = 4; lastKnownFileType = file.xib; path = RouteTimesView.xib; sourceTree = "<group>"; };
		49EAE8A31B13C02B0055A985 /* UIImage+Colorize.h */ = {isa = PBXFileReference; fileEncoding = 4; lastKnownFileType = sourcecode.c.h; path = "UIImage+Colorize.h"; sourceTree = "<group>"; };
		49EAE8A41B13C02B0055A985 /* UIImage+Colorize.m */ = {isa = PBXFileReference; fileEncoding = 4; lastKnownFileType = sourcecode.c.objc; path = "UIImage+Colorize.m"; sourceTree = "<group>"; };
		49EAE8A61B13C0CA0055A985 /* arrow_down_white.png */ = {isa = PBXFileReference; lastKnownFileType = image.png; path = arrow_down_white.png; sourceTree = "<group>"; };
		49EAE8A71B13C0CA0055A985 /* arrow_left_white.png */ = {isa = PBXFileReference; lastKnownFileType = image.png; path = arrow_left_white.png; sourceTree = "<group>"; };
		49EAE8A81B13C0CA0055A985 /* arrow_right_white.png */ = {isa = PBXFileReference; lastKnownFileType = image.png; path = arrow_right_white.png; sourceTree = "<group>"; };
		49EAE8A91B13C0CA0055A985 /* arrow_up_white.png */ = {isa = PBXFileReference; lastKnownFileType = image.png; path = arrow_up_white.png; sourceTree = "<group>"; };
		49EAE8AE1B13C5DC0055A985 /* arrow_down.png */ = {isa = PBXFileReference; lastKnownFileType = image.png; path = arrow_down.png; sourceTree = "<group>"; };
		49EAE8AF1B13C5DC0055A985 /* arrow_left.png */ = {isa = PBXFileReference; lastKnownFileType = image.png; path = arrow_left.png; sourceTree = "<group>"; };
		49EAE8B01B13C5DC0055A985 /* arrow_right.png */ = {isa = PBXFileReference; lastKnownFileType = image.png; path = arrow_right.png; sourceTree = "<group>"; };
		49EAE8B11B13C5DC0055A985 /* arrow_up.png */ = {isa = PBXFileReference; lastKnownFileType = image.png; path = arrow_up.png; sourceTree = "<group>"; };
		8CE9285C0086078CF8F091B6 /* libPods-BostonTMapTests.a */ = {isa = PBXFileReference; explicitFileType = archive.ar; includeInIndex = 0; path = "libPods-BostonTMapTests.a"; sourceTree = BUILT_PRODUCTS_DIR; };
		9CF67F49B16D47E2169F6711 /* Pods-BostonTMapTests.debug.xcconfig */ = {isa = PBXFileReference; includeInIndex = 1; lastKnownFileType = text.xcconfig; name = "Pods-BostonTMapTests.debug.xcconfig"; path = "Pods/Target Support Files/Pods-BostonTMapTests/Pods-BostonTMapTests.debug.xcconfig"; sourceTree = "<group>"; };
		BD5182168049B72349234DF2 /* Pods-BostonTMapTests.release.xcconfig */ = {isa = PBXFileReference; includeInIndex = 1; lastKnownFileType = text.xcconfig; name = "Pods-BostonTMapTests.release.xcconfig"; path = "Pods/Target Support Files/Pods-BostonTMapTests/Pods-BostonTMapTests.release.xcconfig"; sourceTree = "<group>"; };
		D33793A377FF01F65666337F /* libPods-BostonTMap.a */ = {isa = PBXFileReference; explicitFileType = archive.ar; includeInIndex = 0; path = "libPods-BostonTMap.a"; sourceTree = BUILT_PRODUCTS_DIR; };
		F2CDADE03934F7D85247684D /* Pods-BostonTMap.debug.xcconfig */ = {isa = PBXFileReference; includeInIndex = 1; lastKnownFileType = text.xcconfig; name = "Pods-BostonTMap.debug.xcconfig"; path = "Pods/Target Support Files/Pods-BostonTMap/Pods-BostonTMap.debug.xcconfig"; sourceTree = "<group>"; };
/* End PBXFileReference section */

/* Begin PBXFrameworksBuildPhase section */
		49166CA9161F39BF0033EF9A /* Frameworks */ = {
			isa = PBXFrameworksBuildPhase;
			buildActionMask = 2147483647;
			files = (
				494A51311AF8550600C25B97 /* QuartzCore.framework in Frameworks */,
				494A511A1AF8544F00C25B97 /* Fabric.framework in Frameworks */,
				49166CB1161F39BF0033EF9A /* UIKit.framework in Frameworks */,
				49166CB3161F39BF0033EF9A /* Foundation.framework in Frameworks */,
				494A51171AF8544F00C25B97 /* Security.framework in Frameworks */,
				494A51191AF8544F00C25B97 /* libz.dylib in Frameworks */,
				49166CB5161F39BF0033EF9A /* CoreGraphics.framework in Frameworks */,
				494A51181AF8544F00C25B97 /* libc++.dylib in Frameworks */,
				494A511B1AF8544F00C25B97 /* Crashlytics.framework in Frameworks */,
				D990121F318194CE89F258F7 /* libPods-BostonTMap.a in Frameworks */,
			);
			runOnlyForDeploymentPostprocessing = 0;
		};
		49AE5A341B016AC900F17C6F /* Frameworks */ = {
			isa = PBXFrameworksBuildPhase;
			buildActionMask = 2147483647;
			files = (
				49C7D9C51B150EC600B76BF0 /* libobjc.A.dylib in Frameworks */,
				89623DA0E93C1FE8141FD3A1 /* libPods-BostonTMapTests.a in Frameworks */,
			);
			runOnlyForDeploymentPostprocessing = 0;
		};
/* End PBXFrameworksBuildPhase section */

/* Begin PBXGroup section */
		49166CA1161F39BF0033EF9A = {
			isa = PBXGroup;
			children = (
				4998BCC6177F8FBD00D02A0A /* subway.png */,
				49166CB6161F39BF0033EF9A /* BostonTMap */,
				49AE5A381B016AC900F17C6F /* BostonTMapTests */,
				49166CAF161F39BF0033EF9A /* Frameworks */,
				49166CAD161F39BF0033EF9A /* Products */,
				81E516A119B48C98C4928E28 /* Pods */,
			);
			sourceTree = "<group>";
		};
		49166CAD161F39BF0033EF9A /* Products */ = {
			isa = PBXGroup;
			children = (
				49166CAC161F39BF0033EF9A /* BostonTMap.app */,
				49AE5A371B016AC900F17C6F /* BostonTMapTests.xctest */,
			);
			name = Products;
			sourceTree = "<group>";
		};
		49166CAF161F39BF0033EF9A /* Frameworks */ = {
			isa = PBXGroup;
			children = (
				49C7D9C41B150EC600B76BF0 /* libobjc.A.dylib */,
				494A51241AF8550600C25B97 /* QuartzCore.framework */,
				494A51261AF8550600C25B97 /* StoreKit.framework */,
				494A51121AF8544F00C25B97 /* Security.framework */,
				494A51131AF8544F00C25B97 /* libc++.dylib */,
				494A51141AF8544F00C25B97 /* libz.dylib */,
				494A51151AF8544F00C25B97 /* Fabric.framework */,
				494A51161AF8544F00C25B97 /* Crashlytics.framework */,
				49166CB0161F39BF0033EF9A /* UIKit.framework */,
				49166CB2161F39BF0033EF9A /* Foundation.framework */,
				49166CB4161F39BF0033EF9A /* CoreGraphics.framework */,
				D33793A377FF01F65666337F /* libPods-BostonTMap.a */,
				8CE9285C0086078CF8F091B6 /* libPods-BostonTMapTests.a */,
			);
			name = Frameworks;
			sourceTree = "<group>";
		};
		49166CB6161F39BF0033EF9A /* BostonTMap */ = {
			isa = PBXGroup;
			children = (
				49166CBF161F39C00033EF9A /* AppDelegate.h */,
				49166CC0161F39C00033EF9A /* AppDelegate.m */,
				49EAE8A31B13C02B0055A985 /* UIImage+Colorize.h */,
				49EAE8A41B13C02B0055A985 /* UIImage+Colorize.m */,
				49E855FC1AFFB5BB00E79527 /* Network Calls */,
				4974F7061AFCD03800816CF8 /* Views */,
				4974F7051AFCD02F00816CF8 /* Models */,
				4974F7041AFCD01B00816CF8 /* Controllers */,
				49C6C4881AF8637300C9A0D7 /* bticon-120.png */,
				49BC5C481652FF6F00CD828B /* bticon-57.png */,
				49BC5C491652FF6F00CD828B /* bticon-72.png */,
				49BC5C4A1652FF6F00CD828B /* bticon-114.png */,
				4948F46D2092E50B00B716B4 /* Media.xcassets */,
				49EAE8AE1B13C5DC0055A985 /* arrow_down.png */,
				49EAE8AF1B13C5DC0055A985 /* arrow_left.png */,
				49EAE8B01B13C5DC0055A985 /* arrow_right.png */,
				49EAE8B11B13C5DC0055A985 /* arrow_up.png */,
				49EAE8A61B13C0CA0055A985 /* arrow_down_white.png */,
				49EAE8A71B13C0CA0055A985 /* arrow_left_white.png */,
				49EAE8A81B13C0CA0055A985 /* arrow_right_white.png */,
				49EAE8A91B13C0CA0055A985 /* arrow_up_white.png */,
				49166CB7161F39BF0033EF9A /* Supporting Files */,
			);
			path = BostonTMap;
			sourceTree = "<group>";
		};
		49166CB7161F39BF0033EF9A /* Supporting Files */ = {
			isa = PBXGroup;
			children = (
				49166CB8161F39BF0033EF9A /* BostonTMap-Info.plist */,
				49166CB9161F39BF0033EF9A /* InfoPlist.strings */,
				49166CBC161F39C00033EF9A /* main.m */,
				49166CBE161F39C00033EF9A /* BostonTMap-Prefix.pch */,
				49166CC2161F39C00033EF9A /* Default.png */,
				49166CC4161F39C00033EF9A /* Default@2x.png */,
				49166CC6161F39C00033EF9A /* Default-568h@2x.png */,
			);
			name = "Supporting Files";
			sourceTree = "<group>";
		};
		49599C77208F681D004C332D /* Stop calls */ = {
			isa = PBXGroup;
			children = (
				49599C6E208E4A89004C332D /* StopCall.h */,
				49599C6F208E4A89004C332D /* StopCall.m */,
				49599C71208F67D3004C332D /* PredictionsByStopCall.h */,
				49599C72208F67D3004C332D /* PredictionsByStopCall.m */,
				49599C74208F680E004C332D /* SchedulesByStopCall.h */,
				49599C75208F680E004C332D /* SchedulesByStopCall.m */,
			);
			name = "Stop calls";
			sourceTree = "<group>";
		};
		49599C78208F6837004C332D /* Route calls */ = {
			isa = PBXGroup;
			children = (
				49AE5A121B00372100F17C6F /* RouteCall.h */,
				49AE5A131B00372100F17C6F /* RouteCall.m */,
				49AE5A151B003A2F00F17C6F /* PredictionsByRouteCall.h */,
				49AE5A161B003A2F00F17C6F /* PredictionsByRouteCall.m */,
				49AE5A181B003AC700F17C6F /* StopsByRouteCall.h */,
				49AE5A191B003AC700F17C6F /* StopsByRouteCall.m */,
				49AE5A1B1B003ADB00F17C6F /* SchedulesByRouteCall.h */,
				49AE5A1C1B003ADB00F17C6F /* SchedulesByRouteCall.m */,
			);
			name = "Route calls";
			sourceTree = "<group>";
		};
		4974F7041AFCD01B00816CF8 /* Controllers */ = {
			isa = PBXGroup;
			children = (
				496968241651DAE800F1B8FC /* AdNavController.h */,
				496968251651DAE800F1B8FC /* AdNavController.m */,
				49E8560E1B00003700E79527 /* MapViewController.h */,
				49E8560F1B00003700E79527 /* MapViewController.m */,
				49E856101B00003700E79527 /* MapViewController.xib */,
				49AE5A081B0008A600F17C6F /* SchedulesViewController.h */,
				49AE5A091B0008A600F17C6F /* SchedulesViewController.m */,
				49AE5A0A1B0008A600F17C6F /* SchedulesViewController.xib */,
				49AE5A0D1B000D1D00F17C6F /* LineViewController.h */,
				49AE5A0E1B000D1D00F17C6F /* LineViewController.m */,
				49AE5A0F1B000D1D00F17C6F /* LineViewController.xib */,
			);
			name = Controllers;
			sourceTree = "<group>";
		};
		4974F7051AFCD02F00816CF8 /* Models */ = {
			isa = PBXGroup;
			children = (
				49AE5A211B003FA700F17C6F /* MBTA Models */,
				49E856001AFFC83C00E79527 /* Line.h */,
				49E856011AFFC83C00E79527 /* Line.m */,
				49E856031AFFC8C000E79527 /* Prediction.h */,
				49E856041AFFC8C000E79527 /* Prediction.m */,
				49E856061AFFC8D000E79527 /* Station.h */,
				49E856071AFFC8D000E79527 /* Station.m */,
				49E856091AFFC8DF00E79527 /* Route.h */,
				49E8560A1AFFC8DF00E79527 /* Route.m */,
				491D21451B1695D800472867 /* NagController.h */,
				491D21461B1695D800472867 /* NagController.m */,
			);
			name = Models;
			sourceTree = "<group>";
		};
		4974F7061AFCD03800816CF8 /* Views */ = {
			isa = PBXGroup;
			children = (
				49C1B76E1B0EEAAB00F109C3 /* StationTableViewCell.h */,
				49C1B76F1B0EEAAB00F109C3 /* StationTableViewCell.m */,
				49C1B7701B0EEAAB00F109C3 /* StationTableViewCell.xib */,
				49C1B7731B0EEDCA00F109C3 /* RouteTimesView.h */,
				49C1B7741B0EEDCA00F109C3 /* RouteTimesView.m */,
				49EAE8A11B125E8B0055A985 /* RouteTimesView.xib */,
				49EAE89E1B125E700055A985 /* RoutesTimesView.h */,
				49EAE89F1B125E700055A985 /* RoutesTimesView.m */,
				49EAE89C1B1227240055A985 /* RoutesTimesView.xib */,
			);
			name = Views;
			sourceTree = "<group>";
		};
		49AE5A211B003FA700F17C6F /* MBTA Models */ = {
			isa = PBXGroup;
			children = (
				49599C68208E224B004C332D /* MBTAModel.h */,
				49599C69208E224B004C332D /* MBTAModel.m */,
				49AE5A1E1B003FA100F17C6F /* MBTARoute.h */,
				49AE5A1F1B003FA100F17C6F /* MBTARoute.m */,
				49AE5A281B00421B00F17C6F /* MBTATrip.h */,
				49AE5A291B00421B00F17C6F /* MBTATrip.m */,
				49AE5A2B1B00422A00F17C6F /* MBTAStop.h */,
				49AE5A2C1B00422A00F17C6F /* MBTAStop.m */,
				49599C65208E223D004C332D /* MBTAEstimate.h */,
				49599C66208E223D004C332D /* MBTAEstimate.m */,
				49AE5A301B01689200F17C6F /* MBTAPrediction.h */,
				49AE5A311B01689200F17C6F /* MBTAPrediction.m */,
				49599C6B208E2261004C332D /* MBTASchedule.h */,
				49599C6C208E2261004C332D /* MBTASchedule.m */,
				491C313D20A1E9BE00657A83 /* MBTAShape.h */,
				491C313E20A1E9BE00657A83 /* MBTAShape.m */,
			);
			name = "MBTA Models";
			sourceTree = "<group>";
		};
		49AE5A381B016AC900F17C6F /* BostonTMapTests */ = {
			isa = PBXGroup;
			children = (
				49C7D9C01B14FEF700B76BF0 /* Helpers */,
				49C7D9BD1B14FD2100B76BF0 /* Models */,
				49C7D9AC1B14F81D00B76BF0 /* json */,
				49C7D9A61B14F72B00B76BF0 /* NetworkCalls */,
				49AE5A391B016AC900F17C6F /* Supporting Files */,
			);
			path = BostonTMapTests;
			sourceTree = "<group>";
		};
		49AE5A391B016AC900F17C6F /* Supporting Files */ = {
			isa = PBXGroup;
			children = (
				49AE5A3A1B016AC900F17C6F /* Info.plist */,
			);
			name = "Supporting Files";
			sourceTree = "<group>";
		};
		49C7D9A61B14F72B00B76BF0 /* NetworkCalls */ = {
			isa = PBXGroup;
			children = (
				49C7D9A41B14F4FB00B76BF0 /* SchedulesByRouteCallSpec.m */,
			);
			name = NetworkCalls;
			sourceTree = "<group>";
		};
		49C7D9AC1B14F81D00B76BF0 /* json */ = {
			isa = PBXGroup;
			children = (
			);
			name = json;
			sourceTree = "<group>";
		};
		49C7D9BD1B14FD2100B76BF0 /* Models */ = {
			isa = PBXGroup;
			children = (
				49C7D9BE1B14FD5B00B76BF0 /* LineSpec.m */,
			);
			name = Models;
			sourceTree = "<group>";
		};
		49C7D9C01B14FEF700B76BF0 /* Helpers */ = {
			isa = PBXGroup;
			children = (
				49C7D9C11B14FF1100B76BF0 /* DummyLineDelegate.h */,
				49C7D9C21B14FF1100B76BF0 /* DummyLineDelegate.m */,
			);
			name = Helpers;
			sourceTree = "<group>";
		};
		49E855FC1AFFB5BB00E79527 /* Network Calls */ = {
			isa = PBXGroup;
			children = (
				49E855FD1AFFB63100E79527 /* BaseNetworkCall.h */,
				49E855FE1AFFB63100E79527 /* BaseNetworkCall.m */,
				49599C77208F681D004C332D /* Stop calls */,
				49599C78208F6837004C332D /* Route calls */,
			);
			name = "Network Calls";
			sourceTree = "<group>";
		};
		81E516A119B48C98C4928E28 /* Pods */ = {
			isa = PBXGroup;
			children = (
				F2CDADE03934F7D85247684D /* Pods-BostonTMap.debug.xcconfig */,
				1D158B15E31E337E848B9914 /* Pods-BostonTMap.release.xcconfig */,
				9CF67F49B16D47E2169F6711 /* Pods-BostonTMapTests.debug.xcconfig */,
				BD5182168049B72349234DF2 /* Pods-BostonTMapTests.release.xcconfig */,
			);
			name = Pods;
			sourceTree = "<group>";
		};
/* End PBXGroup section */

/* Begin PBXNativeTarget section */
		49166CAB161F39BF0033EF9A /* BostonTMap */ = {
			isa = PBXNativeTarget;
			buildConfigurationList = 49166CD0161F39C00033EF9A /* Build configuration list for PBXNativeTarget "BostonTMap" */;
			buildPhases = (
				FBC2CC7C5C2AA9790F1CCBE0 /* [CP] Check Pods Manifest.lock */,
				C218714285D107D232B22950 /* Check Pods Manifest.lock */,
				49166CA8161F39BF0033EF9A /* Sources */,
				49166CA9161F39BF0033EF9A /* Frameworks */,
				49166CAA161F39BF0033EF9A /* Resources */,
				494A51111AF8542500C25B97 /* ShellScript */,
				DDBE3F80540245FC2511B873 /* Embed Pods Frameworks */,
				DCABC3319FAB66C04FC200AE /* Copy Pods Resources */,
				DD914A0A19FF97EA05078E82 /* [CP] Embed Pods Frameworks */,
				EE525D3436E489F67D6824DA /* [CP] Copy Pods Resources */,
			);
			buildRules = (
			);
			dependencies = (
			);
			name = BostonTMap;
			productName = BostonTMap;
			productReference = 49166CAC161F39BF0033EF9A /* BostonTMap.app */;
			productType = "com.apple.product-type.application";
		};
		49AE5A361B016AC900F17C6F /* BostonTMapTests */ = {
			isa = PBXNativeTarget;
			buildConfigurationList = 49AE5A3F1B016ACA00F17C6F /* Build configuration list for PBXNativeTarget "BostonTMapTests" */;
			buildPhases = (
				2FE266971D3C3E7D8A3387DA /* [CP] Check Pods Manifest.lock */,
				F840D85CBBCCDB20F48120B8 /* Check Pods Manifest.lock */,
				49AE5A331B016AC900F17C6F /* Sources */,
				49AE5A341B016AC900F17C6F /* Frameworks */,
				49AE5A351B016AC900F17C6F /* Resources */,
				B25F81F6925EBD3FBB468568 /* Embed Pods Frameworks */,
				15E704CB1D6583FDD0031B9D /* Copy Pods Resources */,
				C1122C83E0BF4E4C4DC2DD95 /* [CP] Embed Pods Frameworks */,
				92B63C1A51C06B5DC1A1CE0E /* [CP] Copy Pods Resources */,
			);
			buildRules = (
			);
			dependencies = (
				49AE5A3E1B016AC900F17C6F /* PBXTargetDependency */,
			);
			name = BostonTMapTests;
			productName = BostonTMapTests;
			productReference = 49AE5A371B016AC900F17C6F /* BostonTMapTests.xctest */;
			productType = "com.apple.product-type.bundle.unit-test";
		};
/* End PBXNativeTarget section */

/* Begin PBXProject section */
		49166CA3161F39BF0033EF9A /* Project object */ = {
			isa = PBXProject;
			attributes = {
				LastUpgradeCheck = 0450;
				TargetAttributes = {
					49166CAB161F39BF0033EF9A = {
						DevelopmentTeam = PE7EQ66NRS;
						ProvisioningStyle = Automatic;
					};
					49AE5A361B016AC900F17C6F = {
						CreatedOnToolsVersion = 6.3.1;
						TestTargetID = 49166CAB161F39BF0033EF9A;
					};
				};
			};
			buildConfigurationList = 49166CA6161F39BF0033EF9A /* Build configuration list for PBXProject "BostonTMap" */;
			compatibilityVersion = "Xcode 3.2";
			developmentRegion = English;
			hasScannedForEncodings = 0;
			knownRegions = (
				en,
			);
			mainGroup = 49166CA1161F39BF0033EF9A;
			productRefGroup = 49166CAD161F39BF0033EF9A /* Products */;
			projectDirPath = "";
			projectRoot = "";
			targets = (
				49166CAB161F39BF0033EF9A /* BostonTMap */,
				49AE5A361B016AC900F17C6F /* BostonTMapTests */,
			);
		};
/* End PBXProject section */

/* Begin PBXResourcesBuildPhase section */
		49166CAA161F39BF0033EF9A /* Resources */ = {
			isa = PBXResourcesBuildPhase;
			buildActionMask = 2147483647;
			files = (
				49EAE8AB1B13C0CA0055A985 /* arrow_left_white.png in Resources */,
				49AE5A0C1B0008A600F17C6F /* SchedulesViewController.xib in Resources */,
				49166CBB161F39C00033EF9A /* InfoPlist.strings in Resources */,
				49EAE8AC1B13C0CA0055A985 /* arrow_right_white.png in Resources */,
				49AE5A111B000D1D00F17C6F /* LineViewController.xib in Resources */,
				4948F46E2092E50B00B716B4 /* Media.xcassets in Resources */,
				49166CC3161F39C00033EF9A /* Default.png in Resources */,
				49EAE8A21B125E8B0055A985 /* RouteTimesView.xib in Resources */,
				49C1B7721B0EEAAB00F109C3 /* StationTableViewCell.xib in Resources */,
				49EAE8AD1B13C0CA0055A985 /* arrow_up_white.png in Resources */,
				49166CC5161F39C00033EF9A /* Default@2x.png in Resources */,
				49166CC7161F39C00033EF9A /* Default-568h@2x.png in Resources */,
				49BC5C4B1652FF6F00CD828B /* bticon-57.png in Resources */,
				49EAE8B41B13C5DC0055A985 /* arrow_right.png in Resources */,
				49BC5C4C1652FF6F00CD828B /* bticon-72.png in Resources */,
				49E856121B00003700E79527 /* MapViewController.xib in Resources */,
				49EAE89D1B1227240055A985 /* RoutesTimesView.xib in Resources */,
				49C6C4891AF8637300C9A0D7 /* bticon-120.png in Resources */,
				49EAE8B21B13C5DC0055A985 /* arrow_down.png in Resources */,
				49BC5C4D1652FF6F00CD828B /* bticon-114.png in Resources */,
				4998BCC7177F8FBD00D02A0A /* subway.png in Resources */,
				49EAE8B31B13C5DC0055A985 /* arrow_left.png in Resources */,
				49EAE8B51B13C5DC0055A985 /* arrow_up.png in Resources */,
				49EAE8AA1B13C0CA0055A985 /* arrow_down_white.png in Resources */,
			);
			runOnlyForDeploymentPostprocessing = 0;
		};
		49AE5A351B016AC900F17C6F /* Resources */ = {
			isa = PBXResourcesBuildPhase;
			buildActionMask = 2147483647;
			files = (
			);
			runOnlyForDeploymentPostprocessing = 0;
		};
/* End PBXResourcesBuildPhase section */

/* Begin PBXShellScriptBuildPhase section */
		15E704CB1D6583FDD0031B9D /* Copy Pods Resources */ = {
			isa = PBXShellScriptBuildPhase;
			buildActionMask = 2147483647;
			files = (
			);
			inputPaths = (
			);
			name = "Copy Pods Resources";
			outputPaths = (
			);
			runOnlyForDeploymentPostprocessing = 0;
			shellPath = /bin/sh;
			shellScript = "\"${SRCROOT}/Pods/Target Support Files/Pods-BostonTMapTests/Pods-BostonTMapTests-resources.sh\"\n";
			showEnvVarsInLog = 0;
		};
		2FE266971D3C3E7D8A3387DA /* [CP] Check Pods Manifest.lock */ = {
			isa = PBXShellScriptBuildPhase;
			buildActionMask = 2147483647;
			files = (
			);
			inputPaths = (
				"${PODS_PODFILE_DIR_PATH}/Podfile.lock",
				"${PODS_ROOT}/Manifest.lock",
			);
			name = "[CP] Check Pods Manifest.lock";
			outputPaths = (
				"$(DERIVED_FILE_DIR)/Pods-BostonTMapTests-checkManifestLockResult.txt",
			);
			runOnlyForDeploymentPostprocessing = 0;
			shellPath = /bin/sh;
			shellScript = "diff \"${PODS_PODFILE_DIR_PATH}/Podfile.lock\" \"${PODS_ROOT}/Manifest.lock\" > /dev/null\nif [ $? != 0 ] ; then\n    # print error to STDERR\n    echo \"error: The sandbox is not in sync with the Podfile.lock. Run 'pod install' or update your CocoaPods installation.\" >&2\n    exit 1\nfi\n# This output is used by Xcode 'outputs' to avoid re-running this script phase.\necho \"SUCCESS\" > \"${SCRIPT_OUTPUT_FILE_0}\"\n";
			showEnvVarsInLog = 0;
		};
		494A51111AF8542500C25B97 /* ShellScript */ = {
			isa = PBXShellScriptBuildPhase;
			buildActionMask = 2147483647;
			files = (
			);
			inputPaths = (
			);
			outputPaths = (
			);
			runOnlyForDeploymentPostprocessing = 0;
			shellPath = /bin/sh;
			shellScript = "./Fabric.framework/run b1bc39c835159dcffd9f2950a40007e570069713 dde132f14bcd45d54cbbb551f59876744bc3ab28f3e393f236602a2354a4994a";
		};
		92B63C1A51C06B5DC1A1CE0E /* [CP] Copy Pods Resources */ = {
			isa = PBXShellScriptBuildPhase;
			buildActionMask = 2147483647;
			files = (
			);
			inputPaths = (
			);
			name = "[CP] Copy Pods Resources";
			outputPaths = (
			);
			runOnlyForDeploymentPostprocessing = 0;
			shellPath = /bin/sh;
			shellScript = "\"${SRCROOT}/Pods/Target Support Files/Pods-BostonTMapTests/Pods-BostonTMapTests-resources.sh\"\n";
			showEnvVarsInLog = 0;
		};
		B25F81F6925EBD3FBB468568 /* Embed Pods Frameworks */ = {
			isa = PBXShellScriptBuildPhase;
			buildActionMask = 2147483647;
			files = (
			);
			inputPaths = (
			);
			name = "Embed Pods Frameworks";
			outputPaths = (
			);
			runOnlyForDeploymentPostprocessing = 0;
			shellPath = /bin/sh;
			shellScript = "\"${SRCROOT}/Pods/Target Support Files/Pods-BostonTMapTests/Pods-BostonTMapTests-frameworks.sh\"\n";
			showEnvVarsInLog = 0;
		};
		C1122C83E0BF4E4C4DC2DD95 /* [CP] Embed Pods Frameworks */ = {
			isa = PBXShellScriptBuildPhase;
			buildActionMask = 2147483647;
			files = (
			);
			inputPaths = (
			);
			name = "[CP] Embed Pods Frameworks";
			outputPaths = (
			);
			runOnlyForDeploymentPostprocessing = 0;
			shellPath = /bin/sh;
			shellScript = "\"${SRCROOT}/Pods/Target Support Files/Pods-BostonTMapTests/Pods-BostonTMapTests-frameworks.sh\"\n";
			showEnvVarsInLog = 0;
		};
		C218714285D107D232B22950 /* Check Pods Manifest.lock */ = {
			isa = PBXShellScriptBuildPhase;
			buildActionMask = 2147483647;
			files = (
			);
			inputPaths = (
			);
			name = "Check Pods Manifest.lock";
			outputPaths = (
			);
			runOnlyForDeploymentPostprocessing = 0;
			shellPath = /bin/sh;
			shellScript = "diff \"${PODS_ROOT}/../Podfile.lock\" \"${PODS_ROOT}/Manifest.lock\" > /dev/null\nif [[ $? != 0 ]] ; then\n    cat << EOM\nerror: The sandbox is not in sync with the Podfile.lock. Run 'pod install' or update your CocoaPods installation.\nEOM\n    exit 1\nfi\n";
			showEnvVarsInLog = 0;
		};
		DCABC3319FAB66C04FC200AE /* Copy Pods Resources */ = {
			isa = PBXShellScriptBuildPhase;
			buildActionMask = 2147483647;
			files = (
			);
			inputPaths = (
			);
			name = "Copy Pods Resources";
			outputPaths = (
			);
			runOnlyForDeploymentPostprocessing = 0;
			shellPath = /bin/sh;
			shellScript = "\"${SRCROOT}/Pods/Target Support Files/Pods-BostonTMap/Pods-BostonTMap-resources.sh\"\n";
			showEnvVarsInLog = 0;
		};
		DD914A0A19FF97EA05078E82 /* [CP] Embed Pods Frameworks */ = {
			isa = PBXShellScriptBuildPhase;
			buildActionMask = 2147483647;
			files = (
			);
			inputPaths = (
			);
			name = "[CP] Embed Pods Frameworks";
			outputPaths = (
			);
			runOnlyForDeploymentPostprocessing = 0;
			shellPath = /bin/sh;
			shellScript = "\"${SRCROOT}/Pods/Target Support Files/Pods-BostonTMap/Pods-BostonTMap-frameworks.sh\"\n";
			showEnvVarsInLog = 0;
		};
		DDBE3F80540245FC2511B873 /* Embed Pods Frameworks */ = {
			isa = PBXShellScriptBuildPhase;
			buildActionMask = 2147483647;
			files = (
			);
			inputPaths = (
			);
			name = "Embed Pods Frameworks";
			outputPaths = (
			);
			runOnlyForDeploymentPostprocessing = 0;
			shellPath = /bin/sh;
			shellScript = "\"${SRCROOT}/Pods/Target Support Files/Pods-BostonTMap/Pods-BostonTMap-frameworks.sh\"\n";
			showEnvVarsInLog = 0;
		};
		EE525D3436E489F67D6824DA /* [CP] Copy Pods Resources */ = {
			isa = PBXShellScriptBuildPhase;
			buildActionMask = 2147483647;
			files = (
			);
			inputPaths = (
				"${SRCROOT}/Pods/Target Support Files/Pods-BostonTMap/Pods-BostonTMap-resources.sh",
				"${PODS_ROOT}/GPUImage/framework/Resources/lookup.png",
				"${PODS_ROOT}/GPUImage/framework/Resources/lookup_amatorka.png",
				"${PODS_ROOT}/GPUImage/framework/Resources/lookup_miss_etikate.png",
				"${PODS_ROOT}/GPUImage/framework/Resources/lookup_soft_elegance_1.png",
				"${PODS_ROOT}/GPUImage/framework/Resources/lookup_soft_elegance_2.png",
				"${PODS_CONFIGURATION_BUILD_DIR}/SBCategories/SBCategories.bundle",
			);
			name = "[CP] Copy Pods Resources";
			outputPaths = (
				"${TARGET_BUILD_DIR}/${UNLOCALIZED_RESOURCES_FOLDER_PATH}/lookup.png",
				"${TARGET_BUILD_DIR}/${UNLOCALIZED_RESOURCES_FOLDER_PATH}/lookup_amatorka.png",
				"${TARGET_BUILD_DIR}/${UNLOCALIZED_RESOURCES_FOLDER_PATH}/lookup_miss_etikate.png",
				"${TARGET_BUILD_DIR}/${UNLOCALIZED_RESOURCES_FOLDER_PATH}/lookup_soft_elegance_1.png",
				"${TARGET_BUILD_DIR}/${UNLOCALIZED_RESOURCES_FOLDER_PATH}/lookup_soft_elegance_2.png",
				"${TARGET_BUILD_DIR}/${UNLOCALIZED_RESOURCES_FOLDER_PATH}/SBCategories.bundle",
			);
			runOnlyForDeploymentPostprocessing = 0;
			shellPath = /bin/sh;
			shellScript = "\"${SRCROOT}/Pods/Target Support Files/Pods-BostonTMap/Pods-BostonTMap-resources.sh\"\n";
			showEnvVarsInLog = 0;
		};
		F840D85CBBCCDB20F48120B8 /* Check Pods Manifest.lock */ = {
			isa = PBXShellScriptBuildPhase;
			buildActionMask = 2147483647;
			files = (
			);
			inputPaths = (
			);
			name = "Check Pods Manifest.lock";
			outputPaths = (
			);
			runOnlyForDeploymentPostprocessing = 0;
			shellPath = /bin/sh;
			shellScript = "diff \"${PODS_ROOT}/../Podfile.lock\" \"${PODS_ROOT}/Manifest.lock\" > /dev/null\nif [[ $? != 0 ]] ; then\n    cat << EOM\nerror: The sandbox is not in sync with the Podfile.lock. Run 'pod install' or update your CocoaPods installation.\nEOM\n    exit 1\nfi\n";
			showEnvVarsInLog = 0;
		};
		FBC2CC7C5C2AA9790F1CCBE0 /* [CP] Check Pods Manifest.lock */ = {
			isa = PBXShellScriptBuildPhase;
			buildActionMask = 2147483647;
			files = (
			);
			inputPaths = (
				"${PODS_PODFILE_DIR_PATH}/Podfile.lock",
				"${PODS_ROOT}/Manifest.lock",
			);
			name = "[CP] Check Pods Manifest.lock";
			outputPaths = (
				"$(DERIVED_FILE_DIR)/Pods-BostonTMap-checkManifestLockResult.txt",
			);
			runOnlyForDeploymentPostprocessing = 0;
			shellPath = /bin/sh;
			shellScript = "diff \"${PODS_PODFILE_DIR_PATH}/Podfile.lock\" \"${PODS_ROOT}/Manifest.lock\" > /dev/null\nif [ $? != 0 ] ; then\n    # print error to STDERR\n    echo \"error: The sandbox is not in sync with the Podfile.lock. Run 'pod install' or update your CocoaPods installation.\" >&2\n    exit 1\nfi\n# This output is used by Xcode 'outputs' to avoid re-running this script phase.\necho \"SUCCESS\" > \"${SCRIPT_OUTPUT_FILE_0}\"\n";
			showEnvVarsInLog = 0;
		};
/* End PBXShellScriptBuildPhase section */

/* Begin PBXSourcesBuildPhase section */
		49166CA8161F39BF0033EF9A /* Sources */ = {
			isa = PBXSourcesBuildPhase;
			buildActionMask = 2147483647;
			files = (
				49166CBD161F39C00033EF9A /* main.m in Sources */,
				49E856051AFFC8C000E79527 /* Prediction.m in Sources */,
				49AE5A1A1B003AC700F17C6F /* StopsByRouteCall.m in Sources */,
				49599C70208E4A89004C332D /* StopCall.m in Sources */,
				49C1B7751B0EEDCA00F109C3 /* RouteTimesView.m in Sources */,
				49AE5A2D1B00422A00F17C6F /* MBTAStop.m in Sources */,
				49EAE8A51B13C02B0055A985 /* UIImage+Colorize.m in Sources */,
				49AE5A321B01689200F17C6F /* MBTAPrediction.m in Sources */,
				49166CC1161F39C00033EF9A /* AppDelegate.m in Sources */,
				49E856111B00003700E79527 /* MapViewController.m in Sources */,
				49AE5A2A1B00421B00F17C6F /* MBTATrip.m in Sources */,
				49599C76208F680E004C332D /* SchedulesByStopCall.m in Sources */,
				49E8560B1AFFC8DF00E79527 /* Route.m in Sources */,
				49599C6D208E2261004C332D /* MBTASchedule.m in Sources */,
				49AE5A101B000D1D00F17C6F /* LineViewController.m in Sources */,
				49AE5A0B1B0008A600F17C6F /* SchedulesViewController.m in Sources */,
				491D21471B1695D800472867 /* NagController.m in Sources */,
				496968261651DAE800F1B8FC /* AdNavController.m in Sources */,
				49599C6A208E224B004C332D /* MBTAModel.m in Sources */,
				49C1B7711B0EEAAB00F109C3 /* StationTableViewCell.m in Sources */,
				49599C67208E223D004C332D /* MBTAEstimate.m in Sources */,
				49AE5A201B003FA100F17C6F /* MBTARoute.m in Sources */,
				49AE5A171B003A2F00F17C6F /* PredictionsByRouteCall.m in Sources */,
				49E856081AFFC8D000E79527 /* Station.m in Sources */,
				49EAE8A01B125E700055A985 /* RoutesTimesView.m in Sources */,
				49AE5A141B00372100F17C6F /* RouteCall.m in Sources */,
				49599C73208F67D3004C332D /* PredictionsByStopCall.m in Sources */,
				491C313F20A1E9BE00657A83 /* MBTAShape.m in Sources */,
				49E855FF1AFFB63100E79527 /* BaseNetworkCall.m in Sources */,
				49E856021AFFC83C00E79527 /* Line.m in Sources */,
				49AE5A1D1B003ADB00F17C6F /* SchedulesByRouteCall.m in Sources */,
			);
			runOnlyForDeploymentPostprocessing = 0;
		};
		49AE5A331B016AC900F17C6F /* Sources */ = {
			isa = PBXSourcesBuildPhase;
			buildActionMask = 2147483647;
			files = (
				49C7D9A51B14F4FB00B76BF0 /* SchedulesByRouteCallSpec.m in Sources */,
				49C7D9BF1B14FD5B00B76BF0 /* LineSpec.m in Sources */,
				49C7D9A91B14F7C900B76BF0 /* PredictionsByRouteCall.m in Sources */,
				49C7D9A81B14F7C600B76BF0 /* StopsByRouteCall.m in Sources */,
				49C7D9AB1B14F7CE00B76BF0 /* BaseNetworkCall.m in Sources */,
				49C7D9C31B14FF1100B76BF0 /* DummyLineDelegate.m in Sources */,
				49C7D9A71B14F7B700B76BF0 /* SchedulesByRouteCall.m in Sources */,
				49C7D9AA1B14F7CC00B76BF0 /* RouteCall.m in Sources */,
			);
			runOnlyForDeploymentPostprocessing = 0;
		};
/* End PBXSourcesBuildPhase section */

/* Begin PBXTargetDependency section */
		49AE5A3E1B016AC900F17C6F /* PBXTargetDependency */ = {
			isa = PBXTargetDependency;
			target = 49166CAB161F39BF0033EF9A /* BostonTMap */;
			targetProxy = 49AE5A3D1B016AC900F17C6F /* PBXContainerItemProxy */;
		};
/* End PBXTargetDependency section */

/* Begin PBXVariantGroup section */
		49166CB9161F39BF0033EF9A /* InfoPlist.strings */ = {
			isa = PBXVariantGroup;
			children = (
				49166CBA161F39BF0033EF9A /* en */,
			);
			name = InfoPlist.strings;
			sourceTree = "<group>";
		};
/* End PBXVariantGroup section */

/* Begin XCBuildConfiguration section */
		49166CCE161F39C00033EF9A /* Debug */ = {
			isa = XCBuildConfiguration;
			buildSettings = {
				ALWAYS_SEARCH_USER_PATHS = NO;
				CLANG_CXX_LANGUAGE_STANDARD = "gnu++0x";
				CLANG_CXX_LIBRARY = "libc++";
				CLANG_ENABLE_OBJC_ARC = YES;
				CLANG_WARN_EMPTY_BODY = YES;
				CLANG_WARN__DUPLICATE_METHOD_MATCH = YES;
				CODE_SIGN_IDENTITY = "iPhone Developer: Todd Elliot Schrock (RY2U2EZS76)";
				"CODE_SIGN_IDENTITY[sdk=iphoneos*]" = "iPhone Developer: Todd Elliot Schrock (RY2U2EZS76)";
				COPY_PHASE_STRIP = NO;
				ENABLE_BITCODE = NO;
				GCC_C_LANGUAGE_STANDARD = gnu99;
				GCC_DYNAMIC_NO_PIC = NO;
				GCC_OPTIMIZATION_LEVEL = 0;
				GCC_PREPROCESSOR_DEFINITIONS = (
					"DEBUG=1",
					"$(inherited)",
				);
				GCC_SYMBOLS_PRIVATE_EXTERN = NO;
				GCC_WARN_ABOUT_RETURN_TYPE = YES;
				GCC_WARN_UNINITIALIZED_AUTOS = YES;
				GCC_WARN_UNUSED_VARIABLE = YES;
				IPHONEOS_DEPLOYMENT_TARGET = 7.0;
				ONLY_ACTIVE_ARCH = YES;
				PROVISIONING_PROFILE = "afee3a64-1fe0-4dd7-ba4f-d177e20182e0";
				SDKROOT = iphoneos;
				VALID_ARCHS = "armv7 arm64 armv7s";
			};
			name = Debug;
		};
		49166CCF161F39C00033EF9A /* Release */ = {
			isa = XCBuildConfiguration;
			buildSettings = {
				ALWAYS_SEARCH_USER_PATHS = NO;
				CLANG_CXX_LANGUAGE_STANDARD = "gnu++0x";
				CLANG_CXX_LIBRARY = "libc++";
				CLANG_ENABLE_OBJC_ARC = YES;
				CLANG_WARN_EMPTY_BODY = YES;
				CLANG_WARN__DUPLICATE_METHOD_MATCH = YES;
				CODE_SIGN_IDENTITY = "iPhone Developer: Todd Elliot Schrock (RY2U2EZS76)";
				"CODE_SIGN_IDENTITY[sdk=iphoneos*]" = "iPhone Developer: Todd Elliot Schrock (RY2U2EZS76)";
				COPY_PHASE_STRIP = YES;
				ENABLE_BITCODE = NO;
				GCC_C_LANGUAGE_STANDARD = gnu99;
				GCC_WARN_ABOUT_RETURN_TYPE = YES;
				GCC_WARN_UNINITIALIZED_AUTOS = YES;
				GCC_WARN_UNUSED_VARIABLE = YES;
				IPHONEOS_DEPLOYMENT_TARGET = 7.0;
				OTHER_CFLAGS = "-DNS_BLOCK_ASSERTIONS=1";
				PROVISIONING_PROFILE = "afee3a64-1fe0-4dd7-ba4f-d177e20182e0";
				SDKROOT = iphoneos;
				VALIDATE_PRODUCT = YES;
				VALID_ARCHS = "armv7 arm64 armv7s";
			};
			name = Release;
		};
		49166CD1161F39C00033EF9A /* Debug */ = {
			isa = XCBuildConfiguration;
			baseConfigurationReference = F2CDADE03934F7D85247684D /* Pods-BostonTMap.debug.xcconfig */;
			buildSettings = {
				ASSETCATALOG_COMPILER_APPICON_NAME = AppIcon;
				ASSETCATALOG_COMPILER_LAUNCHIMAGE_NAME = LaunchImage;
				CLANG_ENABLE_MODULES = YES;
				CODE_SIGN_IDENTITY = "iPhone Developer: Todd Elliot Schrock (RY2U2EZS76)";
				"CODE_SIGN_IDENTITY[sdk=iphoneos*]" = "iPhone Developer";
				CODE_SIGN_STYLE = Automatic;
				DEVELOPMENT_TEAM = PE7EQ66NRS;
				FRAMEWORK_SEARCH_PATHS = (
					"$(inherited)",
					"$(PROJECT_DIR)",
				);
				GCC_PRECOMPILE_PREFIX_HEADER = YES;
				GCC_PREFIX_HEADER = "BostonTMap/BostonTMap-Prefix.pch";
				INFOPLIST_FILE = "BostonTMap/BostonTMap-Info.plist";
				IPHONEOS_DEPLOYMENT_TARGET = 7.0;
				LIBRARY_SEARCH_PATHS = "$(inherited)";
				ONLY_ACTIVE_ARCH = YES;
				PRODUCT_NAME = "$(TARGET_NAME)";
				PROVISIONING_PROFILE = "";
				"PROVISIONING_PROFILE[sdk=iphoneos*]" = "";
				PROVISIONING_PROFILE_SPECIFIER = "";
				VALID_ARCHS = "armv7 armv7s arm64";
				WRAPPER_EXTENSION = app;
			};
			name = Debug;
		};
		49166CD2161F39C00033EF9A /* Release */ = {
			isa = XCBuildConfiguration;
			baseConfigurationReference = 1D158B15E31E337E848B9914 /* Pods-BostonTMap.release.xcconfig */;
			buildSettings = {
				ASSETCATALOG_COMPILER_APPICON_NAME = AppIcon;
				ASSETCATALOG_COMPILER_LAUNCHIMAGE_NAME = LaunchImage;
				CLANG_ENABLE_MODULES = YES;
				CODE_SIGN_IDENTITY = "iPhone Developer: Todd Elliot Schrock (RY2U2EZS76)";
				"CODE_SIGN_IDENTITY[sdk=iphoneos*]" = "iPhone Developer";
				CODE_SIGN_STYLE = Automatic;
				DEVELOPMENT_TEAM = PE7EQ66NRS;
				FRAMEWORK_SEARCH_PATHS = (
					"$(inherited)",
					"$(PROJECT_DIR)",
				);
				GCC_PRECOMPILE_PREFIX_HEADER = YES;
				GCC_PREFIX_HEADER = "BostonTMap/BostonTMap-Prefix.pch";
				INFOPLIST_FILE = "BostonTMap/BostonTMap-Info.plist";
				IPHONEOS_DEPLOYMENT_TARGET = 7.0;
				LIBRARY_SEARCH_PATHS = "$(inherited)";
				PRODUCT_NAME = "$(TARGET_NAME)";
				PROVISIONING_PROFILE = "";
				"PROVISIONING_PROFILE[sdk=iphoneos*]" = "";
				PROVISIONING_PROFILE_SPECIFIER = "";
				VALID_ARCHS = "armv7 armv7s arm64";
				WRAPPER_EXTENSION = app;
			};
			name = Release;
		};
		49AE5A401B016ACA00F17C6F /* Debug */ = {
			isa = XCBuildConfiguration;
			baseConfigurationReference = 9CF67F49B16D47E2169F6711 /* Pods-BostonTMapTests.debug.xcconfig */;
			buildSettings = {
				BUNDLE_LOADER = "$(TEST_HOST)";
				CLANG_ENABLE_MODULES = YES;
				CLANG_WARN_BOOL_CONVERSION = YES;
				CLANG_WARN_CONSTANT_CONVERSION = YES;
				CLANG_WARN_DIRECT_OBJC_ISA_USAGE = YES_ERROR;
				CLANG_WARN_ENUM_CONVERSION = YES;
				CLANG_WARN_INT_CONVERSION = YES;
				CLANG_WARN_OBJC_ROOT_CLASS = YES_ERROR;
				CLANG_WARN_UNREACHABLE_CODE = YES;
				CODE_SIGN_IDENTITY = "iPhone Developer: Todd Elliot Schrock (RY2U2EZS76)";
				DEBUG_INFORMATION_FORMAT = "dwarf-with-dsym";
				ENABLE_STRICT_OBJC_MSGSEND = YES;
				FRAMEWORK_SEARCH_PATHS = (
					"$(SDKROOT)/Developer/Library/Frameworks",
					"$(inherited)",
				);
				GCC_NO_COMMON_BLOCKS = YES;
				GCC_PREPROCESSOR_DEFINITIONS = (
					"DEBUG=1",
					"$(inherited)",
				);
				GCC_WARN_64_TO_32_BIT_CONVERSION = YES;
				GCC_WARN_ABOUT_RETURN_TYPE = YES_ERROR;
				GCC_WARN_UNDECLARED_SELECTOR = YES;
				GCC_WARN_UNINITIALIZED_AUTOS = YES_AGGRESSIVE;
				GCC_WARN_UNUSED_FUNCTION = YES;
				INFOPLIST_FILE = BostonTMapTests/Info.plist;
				IPHONEOS_DEPLOYMENT_TARGET = 8.3;
				LD_RUNPATH_SEARCH_PATHS = "$(inherited) @executable_path/Frameworks @loader_path/Frameworks";
				MTL_ENABLE_DEBUG_INFO = YES;
				ONLY_ACTIVE_ARCH = YES;
				PRODUCT_NAME = "$(TARGET_NAME)";
				PROVISIONING_PROFILE = "75c8dfb7-f570-49ec-a5ed-60510550dc1e";
				TEST_HOST = "$(BUILT_PRODUCTS_DIR)/BostonTMap.app/BostonTMap";
			};
			name = Debug;
		};
		49AE5A411B016ACA00F17C6F /* Release */ = {
			isa = XCBuildConfiguration;
			baseConfigurationReference = BD5182168049B72349234DF2 /* Pods-BostonTMapTests.release.xcconfig */;
			buildSettings = {
				BUNDLE_LOADER = "$(TEST_HOST)";
				CLANG_ENABLE_MODULES = YES;
				CLANG_WARN_BOOL_CONVERSION = YES;
				CLANG_WARN_CONSTANT_CONVERSION = YES;
				CLANG_WARN_DIRECT_OBJC_ISA_USAGE = YES_ERROR;
				CLANG_WARN_ENUM_CONVERSION = YES;
				CLANG_WARN_INT_CONVERSION = YES;
				CLANG_WARN_OBJC_ROOT_CLASS = YES_ERROR;
				CLANG_WARN_UNREACHABLE_CODE = YES;
				CODE_SIGN_IDENTITY = "iPhone Developer: Todd Elliot Schrock (RY2U2EZS76)";
				COPY_PHASE_STRIP = NO;
				DEBUG_INFORMATION_FORMAT = "dwarf-with-dsym";
				ENABLE_NS_ASSERTIONS = NO;
				ENABLE_STRICT_OBJC_MSGSEND = YES;
				FRAMEWORK_SEARCH_PATHS = (
					"$(SDKROOT)/Developer/Library/Frameworks",
					"$(inherited)",
				);
				GCC_NO_COMMON_BLOCKS = YES;
				GCC_WARN_64_TO_32_BIT_CONVERSION = YES;
				GCC_WARN_ABOUT_RETURN_TYPE = YES_ERROR;
				GCC_WARN_UNDECLARED_SELECTOR = YES;
				GCC_WARN_UNINITIALIZED_AUTOS = YES_AGGRESSIVE;
				GCC_WARN_UNUSED_FUNCTION = YES;
				INFOPLIST_FILE = BostonTMapTests/Info.plist;
				IPHONEOS_DEPLOYMENT_TARGET = 8.3;
				LD_RUNPATH_SEARCH_PATHS = "$(inherited) @executable_path/Frameworks @loader_path/Frameworks";
				MTL_ENABLE_DEBUG_INFO = NO;
				PRODUCT_NAME = "$(TARGET_NAME)";
				PROVISIONING_PROFILE = "75c8dfb7-f570-49ec-a5ed-60510550dc1e";
				TEST_HOST = "$(BUILT_PRODUCTS_DIR)/BostonTMap.app/BostonTMap";
			};
			name = Release;
		};
/* End XCBuildConfiguration section */

/* Begin XCConfigurationList section */
		49166CA6161F39BF0033EF9A /* Build configuration list for PBXProject "BostonTMap" */ = {
			isa = XCConfigurationList;
			buildConfigurations = (
				49166CCE161F39C00033EF9A /* Debug */,
				49166CCF161F39C00033EF9A /* Release */,
			);
			defaultConfigurationIsVisible = 0;
			defaultConfigurationName = Release;
		};
		49166CD0161F39C00033EF9A /* Build configuration list for PBXNativeTarget "BostonTMap" */ = {
			isa = XCConfigurationList;
			buildConfigurations = (
				49166CD1161F39C00033EF9A /* Debug */,
				49166CD2161F39C00033EF9A /* Release */,
			);
			defaultConfigurationIsVisible = 0;
			defaultConfigurationName = Release;
		};
		49AE5A3F1B016ACA00F17C6F /* Build configuration list for PBXNativeTarget "BostonTMapTests" */ = {
			isa = XCConfigurationList;
			buildConfigurations = (
				49AE5A401B016ACA00F17C6F /* Debug */,
				49AE5A411B016ACA00F17C6F /* Release */,
			);
			defaultConfigurationIsVisible = 0;
			defaultConfigurationName = Release;
		};
/* End XCConfigurationList section */
	};
	rootObject = 49166CA3161F39BF0033EF9A /* Project object */;
}
